// !$*UTF8*$!
{
	archiveVersion = 1;
	classes = {
	};
	objectVersion = 56;
	objects = {

/* Begin PBXBuildFile section */
		2882F9382A9632A4002B6FB9 /* AppDelegate.swift in Sources */ = {isa = PBXBuildFile; fileRef = 2882F9372A9632A4002B6FB9 /* AppDelegate.swift */; };
		2882F93A2A9632A4002B6FB9 /* SceneDelegate.swift in Sources */ = {isa = PBXBuildFile; fileRef = 2882F9392A9632A4002B6FB9 /* SceneDelegate.swift */; };
		2882F9412A9632A5002B6FB9 /* Assets.xcassets in Resources */ = {isa = PBXBuildFile; fileRef = 2882F9402A9632A5002B6FB9 /* Assets.xcassets */; };
		2882F9442A9632A5002B6FB9 /* LaunchScreen.storyboard in Resources */ = {isa = PBXBuildFile; fileRef = 2882F9422A9632A5002B6FB9 /* LaunchScreen.storyboard */; };
		289BFF0E2AAFD0A000CFD5FE /* SearchVC.swift in Sources */ = {isa = PBXBuildFile; fileRef = 289BFF0D2AAFD0A000CFD5FE /* SearchVC.swift */; };
		289BFF102AAFD0D700CFD5FE /* FavoriteListVC.swift in Sources */ = {isa = PBXBuildFile; fileRef = 289BFF0F2AAFD0D700CFD5FE /* FavoriteListVC.swift */; };
		289BFF122AB029E200CFD5FE /* GFButton.swift in Sources */ = {isa = PBXBuildFile; fileRef = 289BFF112AB029E200CFD5FE /* GFButton.swift */; };
		289BFF142AB02E2800CFD5FE /* GFTextField.swift in Sources */ = {isa = PBXBuildFile; fileRef = 289BFF132AB02E2800CFD5FE /* GFTextField.swift */; };
		289BFF162AB0402100CFD5FE /* FollowerListVC.swift in Sources */ = {isa = PBXBuildFile; fileRef = 289BFF152AB0402100CFD5FE /* FollowerListVC.swift */; };
		289BFF182AB07A9300CFD5FE /* GFTitleLabel.swift in Sources */ = {isa = PBXBuildFile; fileRef = 289BFF172AB07A9300CFD5FE /* GFTitleLabel.swift */; };
		289BFF1A2AB07C7200CFD5FE /* GFBodyLabel.swift in Sources */ = {isa = PBXBuildFile; fileRef = 289BFF192AB07C7200CFD5FE /* GFBodyLabel.swift */; };
		289BFF1C2AB0811F00CFD5FE /* GFAlertVC.swift in Sources */ = {isa = PBXBuildFile; fileRef = 289BFF1B2AB0811F00CFD5FE /* GFAlertVC.swift */; };
		289BFF1E2AB08F7700CFD5FE /* UIViewController+Ext.swift in Sources */ = {isa = PBXBuildFile; fileRef = 289BFF1D2AB08F7700CFD5FE /* UIViewController+Ext.swift */; };
		289BFF252AB1EBC100CFD5FE /* Follower.swift in Sources */ = {isa = PBXBuildFile; fileRef = 289BFF242AB1EBC100CFD5FE /* Follower.swift */; };
		289BFF272AB1EC9000CFD5FE /* User.swift in Sources */ = {isa = PBXBuildFile; fileRef = 289BFF262AB1EC9000CFD5FE /* User.swift */; };
/* End PBXBuildFile section */

/* Begin PBXFileReference section */
		2882F9342A9632A4002B6FB9 /* GHFollowers.app */ = {isa = PBXFileReference; explicitFileType = wrapper.application; includeInIndex = 0; path = GHFollowers.app; sourceTree = BUILT_PRODUCTS_DIR; };
		2882F9372A9632A4002B6FB9 /* AppDelegate.swift */ = {isa = PBXFileReference; lastKnownFileType = sourcecode.swift; path = AppDelegate.swift; sourceTree = "<group>"; };
		2882F9392A9632A4002B6FB9 /* SceneDelegate.swift */ = {isa = PBXFileReference; lastKnownFileType = sourcecode.swift; path = SceneDelegate.swift; sourceTree = "<group>"; };
		2882F9402A9632A5002B6FB9 /* Assets.xcassets */ = {isa = PBXFileReference; lastKnownFileType = folder.assetcatalog; path = Assets.xcassets; sourceTree = "<group>"; };
		2882F9432A9632A5002B6FB9 /* Base */ = {isa = PBXFileReference; lastKnownFileType = file.storyboard; name = Base; path = Base.lproj/LaunchScreen.storyboard; sourceTree = "<group>"; };
		2882F9452A9632A5002B6FB9 /* Info.plist */ = {isa = PBXFileReference; lastKnownFileType = text.plist.xml; path = Info.plist; sourceTree = "<group>"; };
		289BFF0D2AAFD0A000CFD5FE /* SearchVC.swift */ = {isa = PBXFileReference; lastKnownFileType = sourcecode.swift; path = SearchVC.swift; sourceTree = "<group>"; };
		289BFF0F2AAFD0D700CFD5FE /* FavoriteListVC.swift */ = {isa = PBXFileReference; lastKnownFileType = sourcecode.swift; path = FavoriteListVC.swift; sourceTree = "<group>"; };
		289BFF112AB029E200CFD5FE /* GFButton.swift */ = {isa = PBXFileReference; lastKnownFileType = sourcecode.swift; path = GFButton.swift; sourceTree = "<group>"; };
		289BFF132AB02E2800CFD5FE /* GFTextField.swift */ = {isa = PBXFileReference; lastKnownFileType = sourcecode.swift; path = GFTextField.swift; sourceTree = "<group>"; };
		289BFF152AB0402100CFD5FE /* FollowerListVC.swift */ = {isa = PBXFileReference; lastKnownFileType = sourcecode.swift; path = FollowerListVC.swift; sourceTree = "<group>"; };
		289BFF172AB07A9300CFD5FE /* GFTitleLabel.swift */ = {isa = PBXFileReference; lastKnownFileType = sourcecode.swift; path = GFTitleLabel.swift; sourceTree = "<group>"; };
		289BFF192AB07C7200CFD5FE /* GFBodyLabel.swift */ = {isa = PBXFileReference; lastKnownFileType = sourcecode.swift; path = GFBodyLabel.swift; sourceTree = "<group>"; };
		289BFF1B2AB0811F00CFD5FE /* GFAlertVC.swift */ = {isa = PBXFileReference; lastKnownFileType = sourcecode.swift; path = GFAlertVC.swift; sourceTree = "<group>"; };
		289BFF1D2AB08F7700CFD5FE /* UIViewController+Ext.swift */ = {isa = PBXFileReference; lastKnownFileType = sourcecode.swift; path = "UIViewController+Ext.swift"; sourceTree = "<group>"; };
		289BFF242AB1EBC100CFD5FE /* Follower.swift */ = {isa = PBXFileReference; lastKnownFileType = sourcecode.swift; path = Follower.swift; sourceTree = "<group>"; };
		289BFF262AB1EC9000CFD5FE /* User.swift */ = {isa = PBXFileReference; lastKnownFileType = sourcecode.swift; path = User.swift; sourceTree = "<group>"; };
/* End PBXFileReference section */

/* Begin PBXFrameworksBuildPhase section */
		2882F9312A9632A4002B6FB9 /* Frameworks */ = {
			isa = PBXFrameworksBuildPhase;
			buildActionMask = 2147483647;
			files = (
			);
			runOnlyForDeploymentPostprocessing = 0;
		};
/* End PBXFrameworksBuildPhase section */

/* Begin PBXGroup section */
		2882F92B2A9632A4002B6FB9 = {
			isa = PBXGroup;
			children = (
				2882F9362A9632A4002B6FB9 /* GHFollowers */,
				2882F9352A9632A4002B6FB9 /* Products */,
			);
			sourceTree = "<group>";
		};
		2882F9352A9632A4002B6FB9 /* Products */ = {
			isa = PBXGroup;
			children = (
				2882F9342A9632A4002B6FB9 /* GHFollowers.app */,
			);
			name = Products;
			sourceTree = "<group>";
		};
		2882F9362A9632A4002B6FB9 /* GHFollowers */ = {
			isa = PBXGroup;
			children = (
				2882F9452A9632A5002B6FB9 /* Info.plist */,
				289BFF232AB1EBB000CFD5FE /* Models */,
				289BFF222AB0C21100CFD5FE /* Support */,
				289BFF1F2AB0C14100CFD5FE /* Screens */,
				289BFF202AB0C17C00CFD5FE /* Custom Views */,
				289BFF212AB0C1AD00CFD5FE /* Extensions */,
			);
			path = GHFollowers;
			sourceTree = "<group>";
		};
		289BFF1F2AB0C14100CFD5FE /* Screens */ = {
			isa = PBXGroup;
			children = (
				289BFF0D2AAFD0A000CFD5FE /* SearchVC.swift */,
				289BFF0F2AAFD0D700CFD5FE /* FavoriteListVC.swift */,
				289BFF152AB0402100CFD5FE /* FollowerListVC.swift */,
			);
			path = Screens;
			sourceTree = "<group>";
		};
		289BFF202AB0C17C00CFD5FE /* Custom Views */ = {
			isa = PBXGroup;
			children = (
				289BFF112AB029E200CFD5FE /* GFButton.swift */,
				289BFF132AB02E2800CFD5FE /* GFTextField.swift */,
				289BFF172AB07A9300CFD5FE /* GFTitleLabel.swift */,
				289BFF192AB07C7200CFD5FE /* GFBodyLabel.swift */,
				289BFF1B2AB0811F00CFD5FE /* GFAlertVC.swift */,
			);
			path = "Custom Views";
			sourceTree = "<group>";
		};
		289BFF212AB0C1AD00CFD5FE /* Extensions */ = {
			isa = PBXGroup;
			children = (
				289BFF1D2AB08F7700CFD5FE /* UIViewController+Ext.swift */,
			);
			path = Extensions;
			sourceTree = "<group>";
		};
		289BFF222AB0C21100CFD5FE /* Support */ = {
			isa = PBXGroup;
			children = (
				2882F9372A9632A4002B6FB9 /* AppDelegate.swift */,
				2882F9392A9632A4002B6FB9 /* SceneDelegate.swift */,
				2882F9402A9632A5002B6FB9 /* Assets.xcassets */,
				2882F9422A9632A5002B6FB9 /* LaunchScreen.storyboard */,
			);
			path = Support;
			sourceTree = "<group>";
		};
		289BFF232AB1EBB000CFD5FE /* Models */ = {
			isa = PBXGroup;
			children = (
				289BFF242AB1EBC100CFD5FE /* Follower.swift */,
				289BFF262AB1EC9000CFD5FE /* User.swift */,
			);
			path = Models;
			sourceTree = "<group>";
		};
/* End PBXGroup section */

/* Begin PBXNativeTarget section */
		2882F9332A9632A4002B6FB9 /* GHFollowers */ = {
			isa = PBXNativeTarget;
			buildConfigurationList = 2882F9482A9632A5002B6FB9 /* Build configuration list for PBXNativeTarget "GHFollowers" */;
			buildPhases = (
				2882F9302A9632A4002B6FB9 /* Sources */,
				2882F9312A9632A4002B6FB9 /* Frameworks */,
				2882F9322A9632A4002B6FB9 /* Resources */,
			);
			buildRules = (
			);
			dependencies = (
			);
			name = GHFollowers;
			productName = GHFollowers;
			productReference = 2882F9342A9632A4002B6FB9 /* GHFollowers.app */;
			productType = "com.apple.product-type.application";
		};
/* End PBXNativeTarget section */

/* Begin PBXProject section */
		2882F92C2A9632A4002B6FB9 /* Project object */ = {
			isa = PBXProject;
			attributes = {
				BuildIndependentTargetsInParallel = 1;
				LastSwiftUpdateCheck = 1430;
				LastUpgradeCheck = 1430;
				TargetAttributes = {
					2882F9332A9632A4002B6FB9 = {
						CreatedOnToolsVersion = 14.3.1;
					};
				};
			};
			buildConfigurationList = 2882F92F2A9632A4002B6FB9 /* Build configuration list for PBXProject "GHFollowers" */;
			compatibilityVersion = "Xcode 14.0";
			developmentRegion = en;
			hasScannedForEncodings = 0;
			knownRegions = (
				en,
				Base,
			);
			mainGroup = 2882F92B2A9632A4002B6FB9;
			productRefGroup = 2882F9352A9632A4002B6FB9 /* Products */;
			projectDirPath = "";
			projectRoot = "";
			targets = (
				2882F9332A9632A4002B6FB9 /* GHFollowers */,
			);
		};
/* End PBXProject section */

/* Begin PBXResourcesBuildPhase section */
		2882F9322A9632A4002B6FB9 /* Resources */ = {
			isa = PBXResourcesBuildPhase;
			buildActionMask = 2147483647;
			files = (
				2882F9442A9632A5002B6FB9 /* LaunchScreen.storyboard in Resources */,
				2882F9412A9632A5002B6FB9 /* Assets.xcassets in Resources */,
			);
			runOnlyForDeploymentPostprocessing = 0;
		};
/* End PBXResourcesBuildPhase section */

/* Begin PBXSourcesBuildPhase section */
		2882F9302A9632A4002B6FB9 /* Sources */ = {
			isa = PBXSourcesBuildPhase;
			buildActionMask = 2147483647;
			files = (
				289BFF272AB1EC9000CFD5FE /* User.swift in Sources */,
				289BFF142AB02E2800CFD5FE /* GFTextField.swift in Sources */,
				289BFF0E2AAFD0A000CFD5FE /* SearchVC.swift in Sources */,
				289BFF122AB029E200CFD5FE /* GFButton.swift in Sources */,
				289BFF1E2AB08F7700CFD5FE /* UIViewController+Ext.swift in Sources */,
				2882F9382A9632A4002B6FB9 /* AppDelegate.swift in Sources */,
				289BFF1A2AB07C7200CFD5FE /* GFBodyLabel.swift in Sources */,
				289BFF182AB07A9300CFD5FE /* GFTitleLabel.swift in Sources */,
				289BFF252AB1EBC100CFD5FE /* Follower.swift in Sources */,
				289BFF1C2AB0811F00CFD5FE /* GFAlertVC.swift in Sources */,
				289BFF162AB0402100CFD5FE /* FollowerListVC.swift in Sources */,
				289BFF102AAFD0D700CFD5FE /* FavoriteListVC.swift in Sources */,
				2882F93A2A9632A4002B6FB9 /* SceneDelegate.swift in Sources */,
			);
			runOnlyForDeploymentPostprocessing = 0;
		};
/* End PBXSourcesBuildPhase section */

/* Begin PBXVariantGroup section */
		2882F9422A9632A5002B6FB9 /* LaunchScreen.storyboard */ = {
			isa = PBXVariantGroup;
			children = (
				2882F9432A9632A5002B6FB9 /* Base */,
			);
			name = LaunchScreen.storyboard;
			sourceTree = "<group>";
		};
/* End PBXVariantGroup section */

/* Begin XCBuildConfiguration section */
		2882F9462A9632A5002B6FB9 /* Debug */ = {
			isa = XCBuildConfiguration;
			buildSettings = {
				ALWAYS_SEARCH_USER_PATHS = NO;
				CLANG_ANALYZER_NONNULL = YES;
				CLANG_ANALYZER_NUMBER_OBJECT_CONVERSION = YES_AGGRESSIVE;
				CLANG_CXX_LANGUAGE_STANDARD = "gnu++20";
				CLANG_ENABLE_MODULES = YES;
				CLANG_ENABLE_OBJC_ARC = YES;
				CLANG_ENABLE_OBJC_WEAK = YES;
				CLANG_WARN_BLOCK_CAPTURE_AUTORELEASING = YES;
				CLANG_WARN_BOOL_CONVERSION = YES;
				CLANG_WARN_COMMA = YES;
				CLANG_WARN_CONSTANT_CONVERSION = YES;
				CLANG_WARN_DEPRECATED_OBJC_IMPLEMENTATIONS = YES;
				CLANG_WARN_DIRECT_OBJC_ISA_USAGE = YES_ERROR;
				CLANG_WARN_DOCUMENTATION_COMMENTS = YES;
				CLANG_WARN_EMPTY_BODY = YES;
				CLANG_WARN_ENUM_CONVERSION = YES;
				CLANG_WARN_INFINITE_RECURSION = YES;
				CLANG_WARN_INT_CONVERSION = YES;
				CLANG_WARN_NON_LITERAL_NULL_CONVERSION = YES;
				CLANG_WARN_OBJC_IMPLICIT_RETAIN_SELF = YES;
				CLANG_WARN_OBJC_LITERAL_CONVERSION = YES;
				CLANG_WARN_OBJC_ROOT_CLASS = YES_ERROR;
				CLANG_WARN_QUOTED_INCLUDE_IN_FRAMEWORK_HEADER = YES;
				CLANG_WARN_RANGE_LOOP_ANALYSIS = YES;
				CLANG_WARN_STRICT_PROTOTYPES = YES;
				CLANG_WARN_SUSPICIOUS_MOVE = YES;
				CLANG_WARN_UNGUARDED_AVAILABILITY = YES_AGGRESSIVE;
				CLANG_WARN_UNREACHABLE_CODE = YES;
				CLANG_WARN__DUPLICATE_METHOD_MATCH = YES;
				COPY_PHASE_STRIP = NO;
				DEBUG_INFORMATION_FORMAT = dwarf;
				ENABLE_STRICT_OBJC_MSGSEND = YES;
				ENABLE_TESTABILITY = YES;
				GCC_C_LANGUAGE_STANDARD = gnu11;
				GCC_DYNAMIC_NO_PIC = NO;
				GCC_NO_COMMON_BLOCKS = YES;
				GCC_OPTIMIZATION_LEVEL = 0;
				GCC_PREPROCESSOR_DEFINITIONS = (
					"DEBUG=1",
					"$(inherited)",
				);
				GCC_WARN_64_TO_32_BIT_CONVERSION = YES;
				GCC_WARN_ABOUT_RETURN_TYPE = YES_ERROR;
				GCC_WARN_UNDECLARED_SELECTOR = YES;
				GCC_WARN_UNINITIALIZED_AUTOS = YES_AGGRESSIVE;
				GCC_WARN_UNUSED_FUNCTION = YES;
				GCC_WARN_UNUSED_VARIABLE = YES;
				IPHONEOS_DEPLOYMENT_TARGET = 16.4;
				MTL_ENABLE_DEBUG_INFO = INCLUDE_SOURCE;
				MTL_FAST_MATH = YES;
				ONLY_ACTIVE_ARCH = YES;
				SDKROOT = iphoneos;
				SWIFT_ACTIVE_COMPILATION_CONDITIONS = DEBUG;
				SWIFT_OPTIMIZATION_LEVEL = "-Onone";
			};
			name = Debug;
		};
		2882F9472A9632A5002B6FB9 /* Release */ = {
			isa = XCBuildConfiguration;
			buildSettings = {
				ALWAYS_SEARCH_USER_PATHS = NO;
				CLANG_ANALYZER_NONNULL = YES;
				CLANG_ANALYZER_NUMBER_OBJECT_CONVERSION = YES_AGGRESSIVE;
				CLANG_CXX_LANGUAGE_STANDARD = "gnu++20";
				CLANG_ENABLE_MODULES = YES;
				CLANG_ENABLE_OBJC_ARC = YES;
				CLANG_ENABLE_OBJC_WEAK = YES;
				CLANG_WARN_BLOCK_CAPTURE_AUTORELEASING = YES;
				CLANG_WARN_BOOL_CONVERSION = YES;
				CLANG_WARN_COMMA = YES;
				CLANG_WARN_CONSTANT_CONVERSION = YES;
				CLANG_WARN_DEPRECATED_OBJC_IMPLEMENTATIONS = YES;
				CLANG_WARN_DIRECT_OBJC_ISA_USAGE = YES_ERROR;
				CLANG_WARN_DOCUMENTATION_COMMENTS = YES;
				CLANG_WARN_EMPTY_BODY = YES;
				CLANG_WARN_ENUM_CONVERSION = YES;
				CLANG_WARN_INFINITE_RECURSION = YES;
				CLANG_WARN_INT_CONVERSION = YES;
				CLANG_WARN_NON_LITERAL_NULL_CONVERSION = YES;
				CLANG_WARN_OBJC_IMPLICIT_RETAIN_SELF = YES;
				CLANG_WARN_OBJC_LITERAL_CONVERSION = YES;
				CLANG_WARN_OBJC_ROOT_CLASS = YES_ERROR;
				CLANG_WARN_QUOTED_INCLUDE_IN_FRAMEWORK_HEADER = YES;
				CLANG_WARN_RANGE_LOOP_ANALYSIS = YES;
				CLANG_WARN_STRICT_PROTOTYPES = YES;
				CLANG_WARN_SUSPICIOUS_MOVE = YES;
				CLANG_WARN_UNGUARDED_AVAILABILITY = YES_AGGRESSIVE;
				CLANG_WARN_UNREACHABLE_CODE = YES;
				CLANG_WARN__DUPLICATE_METHOD_MATCH = YES;
				COPY_PHASE_STRIP = NO;
				DEBUG_INFORMATION_FORMAT = "dwarf-with-dsym";
				ENABLE_NS_ASSERTIONS = NO;
				ENABLE_STRICT_OBJC_MSGSEND = YES;
				GCC_C_LANGUAGE_STANDARD = gnu11;
				GCC_NO_COMMON_BLOCKS = YES;
				GCC_WARN_64_TO_32_BIT_CONVERSION = YES;
				GCC_WARN_ABOUT_RETURN_TYPE = YES_ERROR;
				GCC_WARN_UNDECLARED_SELECTOR = YES;
				GCC_WARN_UNINITIALIZED_AUTOS = YES_AGGRESSIVE;
				GCC_WARN_UNUSED_FUNCTION = YES;
				GCC_WARN_UNUSED_VARIABLE = YES;
				IPHONEOS_DEPLOYMENT_TARGET = 16.4;
				MTL_ENABLE_DEBUG_INFO = NO;
				MTL_FAST_MATH = YES;
				SDKROOT = iphoneos;
				SWIFT_COMPILATION_MODE = wholemodule;
				SWIFT_OPTIMIZATION_LEVEL = "-O";
				VALIDATE_PRODUCT = YES;
			};
			name = Release;
		};
		2882F9492A9632A5002B6FB9 /* Debug */ = {
			isa = XCBuildConfiguration;
			buildSettings = {
				ASSETCATALOG_COMPILER_APPICON_NAME = AppIcon;
				ASSETCATALOG_COMPILER_GLOBAL_ACCENT_COLOR_NAME = AccentColor;
				CODE_SIGN_STYLE = Automatic;
				CURRENT_PROJECT_VERSION = 1;
				GENERATE_INFOPLIST_FILE = YES;
				INFOPLIST_FILE = GHFollowers/Info.plist;
				INFOPLIST_KEY_UIApplicationSupportsIndirectInputEvents = YES;
				INFOPLIST_KEY_UILaunchStoryboardName = LaunchScreen;
				INFOPLIST_KEY_UIMainStoryboardFile = "";
				INFOPLIST_KEY_UISupportedInterfaceOrientations = UIInterfaceOrientationPortrait;
				INFOPLIST_KEY_UISupportedInterfaceOrientations_iPad = "UIInterfaceOrientationLandscapeLeft UIInterfaceOrientationLandscapeRight UIInterfaceOrientationPortrait UIInterfaceOrientationPortraitUpsideDown";
				IPHONEOS_DEPLOYMENT_TARGET = 13.2;
				LD_RUNPATH_SEARCH_PATHS = (
					"$(inherited)",
					"@executable_path/Frameworks",
				);
				MARKETING_VERSION = 1.0;
				PRODUCT_BUNDLE_IDENTIFIER = com.gmail.sashasolo23.GHFollowers;
				PRODUCT_NAME = "$(TARGET_NAME)";
				SUPPORTED_PLATFORMS = "iphoneos iphonesimulator";
				SUPPORTS_MACCATALYST = NO;
				SUPPORTS_MAC_DESIGNED_FOR_IPHONE_IPAD = NO;
				SWIFT_EMIT_LOC_STRINGS = YES;
				SWIFT_VERSION = 5.0;
				TARGETED_DEVICE_FAMILY = 1;
			};
			name = Debug;
		};
		2882F94A2A9632A5002B6FB9 /* Release */ = {
			isa = XCBuildConfiguration;
			buildSettings = {
				ASSETCATALOG_COMPILER_APPICON_NAME = AppIcon;
				ASSETCATALOG_COMPILER_GLOBAL_ACCENT_COLOR_NAME = AccentColor;
				CODE_SIGN_STYLE = Automatic;
				CURRENT_PROJECT_VERSION = 1;
				GENERATE_INFOPLIST_FILE = YES;
				INFOPLIST_FILE = GHFollowers/Info.plist;
				INFOPLIST_KEY_UIApplicationSupportsIndirectInputEvents = YES;
				INFOPLIST_KEY_UILaunchStoryboardName = LaunchScreen;
				INFOPLIST_KEY_UIMainStoryboardFile = "";
				INFOPLIST_KEY_UISupportedInterfaceOrientations = UIInterfaceOrientationPortrait;
				INFOPLIST_KEY_UISupportedInterfaceOrientations_iPad = "UIInterfaceOrientationLandscapeLeft UIInterfaceOrientationLandscapeRight UIInterfaceOrientationPortrait UIInterfaceOrientationPortraitUpsideDown";
				IPHONEOS_DEPLOYMENT_TARGET = 13.2;
				LD_RUNPATH_SEARCH_PATHS = (
					"$(inherited)",
					"@executable_path/Frameworks",
				);
				MARKETING_VERSION = 1.0;
				PRODUCT_BUNDLE_IDENTIFIER = com.gmail.sashasolo23.GHFollowers;
				PRODUCT_NAME = "$(TARGET_NAME)";
				SUPPORTED_PLATFORMS = "iphoneos iphonesimulator";
				SUPPORTS_MACCATALYST = NO;
				SUPPORTS_MAC_DESIGNED_FOR_IPHONE_IPAD = NO;
				SWIFT_EMIT_LOC_STRINGS = YES;
				SWIFT_VERSION = 5.0;
				TARGETED_DEVICE_FAMILY = 1;
			};
			name = Release;
		};
/* End XCBuildConfiguration section */

/* Begin XCConfigurationList section */
		2882F92F2A9632A4002B6FB9 /* Build configuration list for PBXProject "GHFollowers" */ = {
			isa = XCConfigurationList;
			buildConfigurations = (
				2882F9462A9632A5002B6FB9 /* Debug */,
				2882F9472A9632A5002B6FB9 /* Release */,
			);
			defaultConfigurationIsVisible = 0;
			defaultConfigurationName = Release;
		};
		2882F9482A9632A5002B6FB9 /* Build configuration list for PBXNativeTarget "GHFollowers" */ = {
			isa = XCConfigurationList;
			buildConfigurations = (
				2882F9492A9632A5002B6FB9 /* Debug */,
				2882F94A2A9632A5002B6FB9 /* Release */,
			);
			defaultConfigurationIsVisible = 0;
			defaultConfigurationName = Release;
		};
/* End XCConfigurationList section */
	};
	rootObject = 2882F92C2A9632A4002B6FB9 /* Project object */;
}
